// !$*UTF8*$!
{
	archiveVersion = 1;
	classes = {
	};
	objectVersion = 46;
	objects = {

/* Begin PBXBuildFile section */
		7A867EAA1EC0C5A8009E6512 /* AppDelegate.swift in Sources */ = {isa = PBXBuildFile; fileRef = 7A867EA91EC0C5A8009E6512 /* AppDelegate.swift */; };
		7A867EAC1EC0C5A8009E6512 /* ViewController.swift in Sources */ = {isa = PBXBuildFile; fileRef = 7A867EAB1EC0C5A8009E6512 /* ViewController.swift */; };
		7A867EAF1EC0C5A8009E6512 /* Main.storyboard in Resources */ = {isa = PBXBuildFile; fileRef = 7A867EAD1EC0C5A8009E6512 /* Main.storyboard */; };
		7A867EB11EC0C5A8009E6512 /* Assets.xcassets in Resources */ = {isa = PBXBuildFile; fileRef = 7A867EB01EC0C5A8009E6512 /* Assets.xcassets */; };
/* End PBXBuildFile section */

/* Begin PBXFileReference section */
		7A867EA61EC0C5A8009E6512 /* BBDashboard.app */ = {isa = PBXFileReference; explicitFileType = wrapper.application; includeInIndex = 0; path = BBDashboard.app; sourceTree = BUILT_PRODUCTS_DIR; };
		7A867EA91EC0C5A8009E6512 /* AppDelegate.swift */ = {isa = PBXFileReference; lastKnownFileType = sourcecode.swift; path = AppDelegate.swift; sourceTree = "<group>"; };
		7A867EAB1EC0C5A8009E6512 /* ViewController.swift */ = {isa = PBXFileReference; lastKnownFileType = sourcecode.swift; path = ViewController.swift; sourceTree = "<group>"; };
		7A867EAE1EC0C5A8009E6512 /* Base */ = {isa = PBXFileReference; lastKnownFileType = file.storyboard; name = Base; path = Base.lproj/Main.storyboard; sourceTree = "<group>"; };
		7A867EB01EC0C5A8009E6512 /* Assets.xcassets */ = {isa = PBXFileReference; lastKnownFileType = folder.assetcatalog; path = Assets.xcassets; sourceTree = "<group>"; };
		7A867EB21EC0C5A8009E6512 /* Info.plist */ = {isa = PBXFileReference; lastKnownFileType = text.plist.xml; path = Info.plist; sourceTree = "<group>"; };
/* End PBXFileReference section */

/* Begin PBXFrameworksBuildPhase section */
		7A867EA31EC0C5A8009E6512 /* Frameworks */ = {
			isa = PBXFrameworksBuildPhase;
			buildActionMask = 2147483647;
			files = (
			);
			runOnlyForDeploymentPostprocessing = 0;
		};
/* End PBXFrameworksBuildPhase section */

/* Begin PBXGroup section */
		7A867E9D1EC0C5A8009E6512 = {
			isa = PBXGroup;
			children = (
				7A867EA81EC0C5A8009E6512 /* BBDashboard */,
				7A867EA71EC0C5A8009E6512 /* Products */,
			);
			sourceTree = "<group>";
		};
		7A867EA71EC0C5A8009E6512 /* Products */ = {
			isa = PBXGroup;
			children = (
				7A867EA61EC0C5A8009E6512 /* BBDashboard.app */,
			);
			name = Products;
			sourceTree = "<group>";
		};
		7A867EA81EC0C5A8009E6512 /* BBDashboard */ = {
			isa = PBXGroup;
			children = (
				7A867EA91EC0C5A8009E6512 /* AppDelegate.swift */,
				7A867EAB1EC0C5A8009E6512 /* ViewController.swift */,
				7A867EAD1EC0C5A8009E6512 /* Main.storyboard */,
				7A867EB01EC0C5A8009E6512 /* Assets.xcassets */,
				7A867EB21EC0C5A8009E6512 /* Info.plist */,
			);
			path = BBDashboard;
			sourceTree = "<group>";
		};
/* End PBXGroup section */

/* Begin PBXNativeTarget section */
		7A867EA51EC0C5A8009E6512 /* BBDashboard */ = {
			isa = PBXNativeTarget;
			buildConfigurationList = 7A867EB51EC0C5A8009E6512 /* Build configuration list for PBXNativeTarget "BBDashboard" */;
			buildPhases = (
				7A867EA21EC0C5A8009E6512 /* Sources */,
				7A867EA31EC0C5A8009E6512 /* Frameworks */,
				7A867EA41EC0C5A8009E6512 /* Resources */,
			);
			buildRules = (
			);
			dependencies = (
			);
			name = BBDashboard;
			productName = BBDashboard;
			productReference = 7A867EA61EC0C5A8009E6512 /* BBDashboard.app */;
			productType = "com.apple.product-type.application";
		};
/* End PBXNativeTarget section */

/* Begin PBXProject section */
		7A867E9E1EC0C5A8009E6512 /* Project object */ = {
			isa = PBXProject;
			attributes = {
				LastSwiftUpdateCheck = 0830;
				LastUpgradeCheck = 0830;
				ORGANIZATIONNAME = Buddybuild;
				TargetAttributes = {
					7A867EA51EC0C5A8009E6512 = {
						CreatedOnToolsVersion = 8.3.2;
						DevelopmentTeam = 8VS9JKFDZS;
						ProvisioningStyle = Automatic;
					};
				};
			};
			buildConfigurationList = 7A867EA11EC0C5A8009E6512 /* Build configuration list for PBXProject "BBDashboard" */;
			compatibilityVersion = "Xcode 3.2";
			developmentRegion = English;
			hasScannedForEncodings = 0;
			knownRegions = (
				en,
				Base,
			);
			mainGroup = 7A867E9D1EC0C5A8009E6512;
			productRefGroup = 7A867EA71EC0C5A8009E6512 /* Products */;
			projectDirPath = "";
			projectRoot = "";
			targets = (
				7A867EA51EC0C5A8009E6512 /* BBDashboard */,
			);
		};
/* End PBXProject section */

/* Begin PBXResourcesBuildPhase section */
		7A867EA41EC0C5A8009E6512 /* Resources */ = {
			isa = PBXResourcesBuildPhase;
			buildActionMask = 2147483647;
			files = (
				7A867EB11EC0C5A8009E6512 /* Assets.xcassets in Resources */,
				7A867EAF1EC0C5A8009E6512 /* Main.storyboard in Resources */,
			);
			runOnlyForDeploymentPostprocessing = 0;
		};
/* End PBXResourcesBuildPhase section */

/* Begin PBXSourcesBuildPhase section */
		7A867EA21EC0C5A8009E6512 /* Sources */ = {
			isa = PBXSourcesBuildPhase;
			buildActionMask = 2147483647;
			files = (
				7A867EAC1EC0C5A8009E6512 /* ViewController.swift in Sources */,
				7A867EAA1EC0C5A8009E6512 /* AppDelegate.swift in Sources */,
			);
			runOnlyForDeploymentPostprocessing = 0;
		};
/* End PBXSourcesBuildPhase section */

/* Begin PBXVariantGroup section */
		7A867EAD1EC0C5A8009E6512 /* Main.storyboard */ = {
			isa = PBXVariantGroup;
			children = (
				7A867EAE1EC0C5A8009E6512 /* Base */,
			);
			name = Main.storyboard;
			sourceTree = "<group>";
		};
/* End PBXVariantGroup section */

/* Begin XCBuildConfiguration section */
		7A867EB31EC0C5A8009E6512 /* Debug */ = {
			isa = XCBuildConfiguration;
			buildSettings = {
				ALWAYS_SEARCH_USER_PATHS = NO;
				CLANG_ANALYZER_NONNULL = YES;
				CLANG_ANALYZER_NUMBER_OBJECT_CONVERSION = YES_AGGRESSIVE;
				CLANG_CXX_LANGUAGE_STANDARD = "gnu++0x";
				CLANG_CXX_LIBRARY = "libc++";
				CLANG_ENABLE_MODULES = YES;
				CLANG_ENABLE_OBJC_ARC = YES;
				CLANG_WARN_BOOL_CONVERSION = YES;
				CLANG_WARN_CONSTANT_CONVERSION = YES;
				CLANG_WARN_DIRECT_OBJC_ISA_USAGE = YES_ERROR;
				CLANG_WARN_DOCUMENTATION_COMMENTS = YES;
				CLANG_WARN_EMPTY_BODY = YES;
				CLANG_WARN_ENUM_CONVERSION = YES;
				CLANG_WARN_INFINITE_RECURSION = YES;
				CLANG_WARN_INT_CONVERSION = YES;
				CLANG_WARN_OBJC_ROOT_CLASS = YES_ERROR;
				CLANG_WARN_SUSPICIOUS_MOVE = YES;
				CLANG_WARN_UNREACHABLE_CODE = YES;
				CLANG_WARN__DUPLICATE_METHOD_MATCH = YES;
				COPY_PHASE_STRIP = NO;
				DEBUG_INFORMATION_FORMAT = dwarf;
				ENABLE_STRICT_OBJC_MSGSEND = YES;
				ENABLE_TESTABILITY = YES;
				GCC_C_LANGUAGE_STANDARD = gnu99;
				GCC_DYNAMIC_NO_PIC = NO;
				GCC_NO_COMMON_BLOCKS = YES;
				GCC_OPTIMIZATION_LEVEL = 0;
				GCC_PREPROCESSOR_DEFINITIONS = (
					"DEBUG=1",
					"$(inherited)",
				);
				GCC_WARN_64_TO_32_BIT_CONVERSION = YES;
				GCC_WARN_ABOUT_RETURN_TYPE = YES_ERROR;
				GCC_WARN_UNDECLARED_SELECTOR = YES;
				GCC_WARN_UNINITIALIZED_AUTOS = YES_AGGRESSIVE;
				GCC_WARN_UNUSED_FUNCTION = YES;
				GCC_WARN_UNUSED_VARIABLE = YES;
				MTL_ENABLE_DEBUG_INFO = YES;
				ONLY_ACTIVE_ARCH = YES;
				SDKROOT = appletvos;
				SWIFT_ACTIVE_COMPILATION_CONDITIONS = DEBUG;
				SWIFT_OPTIMIZATION_LEVEL = "-Onone";
				TARGETED_DEVICE_FAMILY = 3;
				TVOS_DEPLOYMENT_TARGET = 10.2;
			};
			name = Debug;
		};
		7A867EB41EC0C5A8009E6512 /* Release */ = {
			isa = XCBuildConfiguration;
			buildSettings = {
				ALWAYS_SEARCH_USER_PATHS = NO;
				CLANG_ANALYZER_NONNULL = YES;
				CLANG_ANALYZER_NUMBER_OBJECT_CONVERSION = YES_AGGRESSIVE;
				CLANG_CXX_LANGUAGE_STANDARD = "gnu++0x";
				CLANG_CXX_LIBRARY = "libc++";
				CLANG_ENABLE_MODULES = YES;
				CLANG_ENABLE_OBJC_ARC = YES;
				CLANG_WARN_BOOL_CONVERSION = YES;
				CLANG_WARN_CONSTANT_CONVERSION = YES;
				CLANG_WARN_DIRECT_OBJC_ISA_USAGE = YES_ERROR;
				CLANG_WARN_DOCUMENTATION_COMMENTS = YES;
				CLANG_WARN_EMPTY_BODY = YES;
				CLANG_WARN_ENUM_CONVERSION = YES;
				CLANG_WARN_INFINITE_RECURSION = YES;
				CLANG_WARN_INT_CONVERSION = YES;
				CLANG_WARN_OBJC_ROOT_CLASS = YES_ERROR;
				CLANG_WARN_SUSPICIOUS_MOVE = YES;
				CLANG_WARN_UNREACHABLE_CODE = YES;
				CLANG_WARN__DUPLICATE_METHOD_MATCH = YES;
				COPY_PHASE_STRIP = NO;
				DEBUG_INFORMATION_FORMAT = "dwarf-with-dsym";
				ENABLE_NS_ASSERTIONS = NO;
				ENABLE_STRICT_OBJC_MSGSEND = YES;
				GCC_C_LANGUAGE_STANDARD = gnu99;
				GCC_NO_COMMON_BLOCKS = YES;
				GCC_WARN_64_TO_32_BIT_CONVERSION = YES;
				GCC_WARN_ABOUT_RETURN_TYPE = YES_ERROR;
				GCC_WARN_UNDECLARED_SELECTOR = YES;
				GCC_WARN_UNINITIALIZED_AUTOS = YES_AGGRESSIVE;
				GCC_WARN_UNUSED_FUNCTION = YES;
				GCC_WARN_UNUSED_VARIABLE = YES;
				MTL_ENABLE_DEBUG_INFO = NO;
				SDKROOT = appletvos;
				SWIFT_OPTIMIZATION_LEVEL = "-Owholemodule";
				TARGETED_DEVICE_FAMILY = 3;
				TVOS_DEPLOYMENT_TARGET = 10.2;
				VALIDATE_PRODUCT = YES;
			};
			name = Release;
		};
		7A867EB61EC0C5A8009E6512 /* Debug */ = {
			isa = XCBuildConfiguration;
			buildSettings = {
				ASSETCATALOG_COMPILER_APPICON_NAME = "App Icon & Top Shelf Image";
				ASSETCATALOG_COMPILER_LAUNCHIMAGE_NAME = LaunchImage;
				DEVELOPMENT_TEAM = 8VS9JKFDZS;
				INFOPLIST_FILE = BBDashboard/Info.plist;
				LD_RUNPATH_SEARCH_PATHS = "$(inherited) @executable_path/Frameworks";
				PRODUCT_BUNDLE_IDENTIFIER = com.buddybuild.BBDashboard;
				PRODUCT_NAME = "$(TARGET_NAME)";
				SWIFT_VERSION = 3.0;
			};
			name = Debug;
		};
		7A867EB71EC0C5A8009E6512 /* Release */ = {
			isa = XCBuildConfiguration;
			buildSettings = {
				ASSETCATALOG_COMPILER_APPICON_NAME = "App Icon & Top Shelf Image";
				ASSETCATALOG_COMPILER_LAUNCHIMAGE_NAME = LaunchImage;
				DEVELOPMENT_TEAM = 8VS9JKFDZS;
				INFOPLIST_FILE = BBDashboard/Info.plist;
				LD_RUNPATH_SEARCH_PATHS = "$(inherited) @executable_path/Frameworks";
				PRODUCT_BUNDLE_IDENTIFIER = com.buddybuild.BBDashboard;
				PRODUCT_NAME = "$(TARGET_NAME)";
				SWIFT_VERSION = 3.0;
			};
			name = Release;
		};
/* End XCBuildConfiguration section */

/* Begin XCConfigurationList section */
		7A867EA11EC0C5A8009E6512 /* Build configuration list for PBXProject "BBDashboard" */ = {
			isa = XCConfigurationList;
			buildConfigurations = (
				7A867EB31EC0C5A8009E6512 /* Debug */,
				7A867EB41EC0C5A8009E6512 /* Release */,
			);
			defaultConfigurationIsVisible = 0;
			defaultConfigurationName = Release;
		};
		7A867EB51EC0C5A8009E6512 /* Build configuration list for PBXNativeTarget "BBDashboard" */ = {
			isa = XCConfigurationList;
			buildConfigurations = (
				7A867EB61EC0C5A8009E6512 /* Debug */,
				7A867EB71EC0C5A8009E6512 /* Release */,
			);
			defaultConfigurationIsVisible = 0;
		};
/* End XCConfigurationList section */
	};
	rootObject = 7A867E9E1EC0C5A8009E6512 /* Project object */;
}
